
Microsoft Visual Studio Solution File, Format Version 12.00
# Visual Studio Version 16
VisualStudioVersion = 16.0.31019.35
MinimumVisualStudioVersion = 10.0.40219.1
Project("{FAE04EC0-301F-11D3-BF4B-00C04F79EFBC}") = "TextToSpeechC-Sharp", "TextToSpeechC-Sharp.csproj", "{9BD8668E-E27C-4CA5-9ED6-8D30420DB1DA}"
EndProject
Global
	GlobalSection(SolutionConfigurationPlatforms) = preSolution
		Debug|Any CPU = Debug|Any CPU
		Release|Any CPU = Release|Any CPU
	EndGlobalSection
	GlobalSection(ProjectConfigurationPlatforms) = postSolution
		{9BD8668E-E27C-4CA5-9ED6-8D30420DB1DA}.Debug|Any CPU.ActiveCfg = Debug|Any CPU
		{9BD8668E-E27C-4CA5-9ED6-8D30420DB1DA}.Debug|Any CPU.Build.0 = Debug|Any CPU
		{9BD8668E-E27C-4CA5-9ED6-8D30420DB1DA}.Release|Any CPU.ActiveCfg = Release|Any CPU
		{9BD8668E-E27C-4CA5-9ED6-8D30420DB1DA}.Release|Any CPU.Build.0 = Release|Any CPU
	EndGlobalSection
	GlobalSection(SolutionProperties) = preSolution
		HideSolutionNode = FALSE
	EndGlobalSection
	GlobalSection(ExtensibilityGlobals) = postSolution
		SolutionGuid = {59F6C84F-DCB1-463D-9049-8EA2ADFEFBFC}
	EndGlobalSection
EndGlobal
